// !$*UTF8*$!
{
	archiveVersion = 1;
	classes = {
	};
	objectVersion = 56;
	objects = {

/* Begin PBXBuildFile section */
		761CF7292B242E0600FF9989 /* AppDelegate.swift in Sources */ = {isa = PBXBuildFile; fileRef = 761CF7282B242E0600FF9989 /* AppDelegate.swift */; };
		761CF72B2B242E0600FF9989 /* SceneDelegate.swift in Sources */ = {isa = PBXBuildFile; fileRef = 761CF72A2B242E0600FF9989 /* SceneDelegate.swift */; };
		761CF7322B242E0800FF9989 /* Assets.xcassets in Resources */ = {isa = PBXBuildFile; fileRef = 761CF7312B242E0800FF9989 /* Assets.xcassets */; };
		761CF7352B242E0800FF9989 /* LaunchScreen.storyboard in Resources */ = {isa = PBXBuildFile; fileRef = 761CF7332B242E0800FF9989 /* LaunchScreen.storyboard */; };
		761CF73D2B242E4B00FF9989 /* LoginVC.swift in Sources */ = {isa = PBXBuildFile; fileRef = 761CF73C2B242E4B00FF9989 /* LoginVC.swift */; };
		761CF7412B24347E00FF9989 /* LoginView.swift in Sources */ = {isa = PBXBuildFile; fileRef = 761CF7402B24347E00FF9989 /* LoginView.swift */; };
		761CF7432B24372300FF9989 /* Extensions+UIView.swift in Sources */ = {isa = PBXBuildFile; fileRef = 761CF7422B24372300FF9989 /* Extensions+UIView.swift */; };
		761CF7452B24397600FF9989 /* Extensions+UIColor.swift in Sources */ = {isa = PBXBuildFile; fileRef = 761CF7442B24397600FF9989 /* Extensions+UIColor.swift */; };
		761CF7512B24610900FF9989 /* APIManager.swift in Sources */ = {isa = PBXBuildFile; fileRef = 761CF7502B24610900FF9989 /* APIManager.swift */; };
		761CF7552B24664900FF9989 /* LoginResponse.swift in Sources */ = {isa = PBXBuildFile; fileRef = 761CF7542B24664900FF9989 /* LoginResponse.swift */; };
		761CF7572B24677A00FF9989 /* LoginVM.swift in Sources */ = {isa = PBXBuildFile; fileRef = 761CF7562B24677A00FF9989 /* LoginVM.swift */; };
		761CF7592B24743500FF9989 /* APIInfo.swift in Sources */ = {isa = PBXBuildFile; fileRef = 761CF7582B24743500FF9989 /* APIInfo.swift */; };
		761CF75E2B24C60900FF9989 /* StaffListView.swift in Sources */ = {isa = PBXBuildFile; fileRef = 761CF75D2B24C60900FF9989 /* StaffListView.swift */; };
		761CF7602B24C62100FF9989 /* StaffListVC.swift in Sources */ = {isa = PBXBuildFile; fileRef = 761CF75F2B24C62100FF9989 /* StaffListVC.swift */; };
		761CF7622B24C63300FF9989 /* StaffListVM.swift in Sources */ = {isa = PBXBuildFile; fileRef = 761CF7612B24C63300FF9989 /* StaffListVM.swift */; };
		761CF7642B24D1A000FF9989 /* StaffListResponse.swift in Sources */ = {isa = PBXBuildFile; fileRef = 761CF7632B24D1A000FF9989 /* StaffListResponse.swift */; };
		761CF7662B25191300FF9989 /* StaffCell.swift in Sources */ = {isa = PBXBuildFile; fileRef = 761CF7652B25191300FF9989 /* StaffCell.swift */; };
		761CF76C2B2556C000FF9989 /* LoadMoreCell.swift in Sources */ = {isa = PBXBuildFile; fileRef = 761CF76B2B2556C000FF9989 /* LoadMoreCell.swift */; };
		761CF77B2B25645700FF9989 /* LoginVMTests.swift in Sources */ = {isa = PBXBuildFile; fileRef = 761CF77A2B25645700FF9989 /* LoginVMTests.swift */; };
		761CF77E2B256D0A00FF9989 /* StaffListVMTests.swift in Sources */ = {isa = PBXBuildFile; fileRef = 761CF77D2B256D0A00FF9989 /* StaffListVMTests.swift */; };
/* End PBXBuildFile section */

/* Begin PBXContainerItemProxy section */
		761CF7752B2563A100FF9989 /* PBXContainerItemProxy */ = {
			isa = PBXContainerItemProxy;
			containerPortal = 761CF71D2B242E0500FF9989 /* Project object */;
			proxyType = 1;
			remoteGlobalIDString = 761CF7242B242E0600FF9989;
			remoteInfo = SCMPMobileTest;
		};
/* End PBXContainerItemProxy section */

/* Begin PBXFileReference section */
		761CF7252B242E0600FF9989 /* SCMPMobileTest.app */ = {isa = PBXFileReference; explicitFileType = wrapper.application; includeInIndex = 0; path = SCMPMobileTest.app; sourceTree = BUILT_PRODUCTS_DIR; };
		761CF7282B242E0600FF9989 /* AppDelegate.swift */ = {isa = PBXFileReference; lastKnownFileType = sourcecode.swift; path = AppDelegate.swift; sourceTree = "<group>"; };
		761CF72A2B242E0600FF9989 /* SceneDelegate.swift */ = {isa = PBXFileReference; lastKnownFileType = sourcecode.swift; path = SceneDelegate.swift; sourceTree = "<group>"; };
		761CF7312B242E0800FF9989 /* Assets.xcassets */ = {isa = PBXFileReference; lastKnownFileType = folder.assetcatalog; path = Assets.xcassets; sourceTree = "<group>"; };
		761CF7342B242E0800FF9989 /* Base */ = {isa = PBXFileReference; lastKnownFileType = file.storyboard; name = Base; path = Base.lproj/LaunchScreen.storyboard; sourceTree = "<group>"; };
		761CF7362B242E0800FF9989 /* Info.plist */ = {isa = PBXFileReference; lastKnownFileType = text.plist.xml; path = Info.plist; sourceTree = "<group>"; };
		761CF73C2B242E4B00FF9989 /* LoginVC.swift */ = {isa = PBXFileReference; lastKnownFileType = sourcecode.swift; path = LoginVC.swift; sourceTree = "<group>"; };
		761CF7402B24347E00FF9989 /* LoginView.swift */ = {isa = PBXFileReference; lastKnownFileType = sourcecode.swift; path = LoginView.swift; sourceTree = "<group>"; };
		761CF7422B24372300FF9989 /* Extensions+UIView.swift */ = {isa = PBXFileReference; lastKnownFileType = sourcecode.swift; path = "Extensions+UIView.swift"; sourceTree = "<group>"; };
		761CF7442B24397600FF9989 /* Extensions+UIColor.swift */ = {isa = PBXFileReference; lastKnownFileType = sourcecode.swift; path = "Extensions+UIColor.swift"; sourceTree = "<group>"; };
		761CF7502B24610900FF9989 /* APIManager.swift */ = {isa = PBXFileReference; lastKnownFileType = sourcecode.swift; path = APIManager.swift; sourceTree = "<group>"; };
		761CF7542B24664900FF9989 /* LoginResponse.swift */ = {isa = PBXFileReference; lastKnownFileType = sourcecode.swift; path = LoginResponse.swift; sourceTree = "<group>"; };
		761CF7562B24677A00FF9989 /* LoginVM.swift */ = {isa = PBXFileReference; lastKnownFileType = sourcecode.swift; path = LoginVM.swift; sourceTree = "<group>"; };
		761CF7582B24743500FF9989 /* APIInfo.swift */ = {isa = PBXFileReference; lastKnownFileType = sourcecode.swift; path = APIInfo.swift; sourceTree = "<group>"; };
		761CF75D2B24C60900FF9989 /* StaffListView.swift */ = {isa = PBXFileReference; lastKnownFileType = sourcecode.swift; path = StaffListView.swift; sourceTree = "<group>"; };
		761CF75F2B24C62100FF9989 /* StaffListVC.swift */ = {isa = PBXFileReference; lastKnownFileType = sourcecode.swift; path = StaffListVC.swift; sourceTree = "<group>"; };
		761CF7612B24C63300FF9989 /* StaffListVM.swift */ = {isa = PBXFileReference; lastKnownFileType = sourcecode.swift; path = StaffListVM.swift; sourceTree = "<group>"; };
		761CF7632B24D1A000FF9989 /* StaffListResponse.swift */ = {isa = PBXFileReference; lastKnownFileType = sourcecode.swift; name = StaffListResponse.swift; path = ../../../../../../Documents/StaffListResponse.swift; sourceTree = "<group>"; };
		761CF7652B25191300FF9989 /* StaffCell.swift */ = {isa = PBXFileReference; lastKnownFileType = sourcecode.swift; name = StaffCell.swift; path = ../../../../../../Documents/StaffCell.swift; sourceTree = "<group>"; };
		761CF76B2B2556C000FF9989 /* LoadMoreCell.swift */ = {isa = PBXFileReference; lastKnownFileType = sourcecode.swift; name = LoadMoreCell.swift; path = ../../../../../../Documents/LoadMoreCell.swift; sourceTree = "<group>"; };
		761CF7712B2563A100FF9989 /* SCMPMobileTestTests.xctest */ = {isa = PBXFileReference; explicitFileType = wrapper.cfbundle; includeInIndex = 0; path = SCMPMobileTestTests.xctest; sourceTree = BUILT_PRODUCTS_DIR; };
		761CF77A2B25645700FF9989 /* LoginVMTests.swift */ = {isa = PBXFileReference; lastKnownFileType = sourcecode.swift; name = LoginVMTests.swift; path = ../../../../Documents/LoginVMTests.swift; sourceTree = "<group>"; };
		761CF77D2B256D0A00FF9989 /* StaffListVMTests.swift */ = {isa = PBXFileReference; lastKnownFileType = sourcecode.swift; name = StaffListVMTests.swift; path = ../../../../Documents/StaffListVMTests.swift; sourceTree = "<group>"; };
/* End PBXFileReference section */

/* Begin PBXFrameworksBuildPhase section */
		761CF7222B242E0600FF9989 /* Frameworks */ = {
			isa = PBXFrameworksBuildPhase;
			buildActionMask = 2147483647;
			files = (
			);
			runOnlyForDeploymentPostprocessing = 0;
		};
		761CF76E2B2563A100FF9989 /* Frameworks */ = {
			isa = PBXFrameworksBuildPhase;
			buildActionMask = 2147483647;
			files = (
			);
			runOnlyForDeploymentPostprocessing = 0;
		};
/* End PBXFrameworksBuildPhase section */

/* Begin PBXGroup section */
		761CF71C2B242E0500FF9989 = {
			isa = PBXGroup;
			children = (
				761CF7272B242E0600FF9989 /* SCMPMobileTest */,
				761CF7722B2563A100FF9989 /* SCMPMobileTestTests */,
				761CF7262B242E0600FF9989 /* Products */,
			);
			sourceTree = "<group>";
		};
		761CF7262B242E0600FF9989 /* Products */ = {
			isa = PBXGroup;
			children = (
				761CF7252B242E0600FF9989 /* SCMPMobileTest.app */,
				761CF7712B2563A100FF9989 /* SCMPMobileTestTests.xctest */,
			);
			name = Products;
			sourceTree = "<group>";
		};
		761CF7272B242E0600FF9989 /* SCMPMobileTest */ = {
			isa = PBXGroup;
			children = (
				761CF74C2B2460BA00FF9989 /* ViewModels */,
				761CF7482B24607900FF9989 /* Views */,
				761CF7472B245F4400FF9989 /* DataSource */,
				761CF7282B242E0600FF9989 /* AppDelegate.swift */,
				761CF72A2B242E0600FF9989 /* SceneDelegate.swift */,
				761CF7312B242E0800FF9989 /* Assets.xcassets */,
				761CF7332B242E0800FF9989 /* LaunchScreen.storyboard */,
				761CF7362B242E0800FF9989 /* Info.plist */,
				761CF7462B245C4300FF9989 /* Extensions */,
			);
			path = SCMPMobileTest;
			sourceTree = "<group>";
		};
		761CF7462B245C4300FF9989 /* Extensions */ = {
			isa = PBXGroup;
			children = (
				761CF7422B24372300FF9989 /* Extensions+UIView.swift */,
				761CF7442B24397600FF9989 /* Extensions+UIColor.swift */,
			);
			path = Extensions;
			sourceTree = "<group>";
		};
		761CF7472B245F4400FF9989 /* DataSource */ = {
			isa = PBXGroup;
			children = (
				761CF74F2B2460FE00FF9989 /* APIManager */,
				761CF74B2B24609F00FF9989 /* Models */,
			);
			path = DataSource;
			sourceTree = "<group>";
		};
		761CF7482B24607900FF9989 /* Views */ = {
			isa = PBXGroup;
			children = (
				761CF75C2B24C3D600FF9989 /* StaffList */,
				761CF7492B24608000FF9989 /* Login */,
			);
			path = Views;
			sourceTree = "<group>";
		};
		761CF7492B24608000FF9989 /* Login */ = {
			isa = PBXGroup;
			children = (
				761CF73C2B242E4B00FF9989 /* LoginVC.swift */,
				761CF7402B24347E00FF9989 /* LoginView.swift */,
			);
			path = Login;
			sourceTree = "<group>";
		};
		761CF74B2B24609F00FF9989 /* Models */ = {
			isa = PBXGroup;
			children = (
				761CF7542B24664900FF9989 /* LoginResponse.swift */,
				761CF7632B24D1A000FF9989 /* StaffListResponse.swift */,
			);
			path = Models;
			sourceTree = "<group>";
		};
		761CF74C2B2460BA00FF9989 /* ViewModels */ = {
			isa = PBXGroup;
			children = (
				761CF7562B24677A00FF9989 /* LoginVM.swift */,
				761CF7612B24C63300FF9989 /* StaffListVM.swift */,
			);
			path = ViewModels;
			sourceTree = "<group>";
		};
		761CF74F2B2460FE00FF9989 /* APIManager */ = {
			isa = PBXGroup;
			children = (
				761CF7502B24610900FF9989 /* APIManager.swift */,
				761CF7582B24743500FF9989 /* APIInfo.swift */,
			);
			path = APIManager;
			sourceTree = "<group>";
		};
		761CF75C2B24C3D600FF9989 /* StaffList */ = {
			isa = PBXGroup;
			children = (
				761CF75D2B24C60900FF9989 /* StaffListView.swift */,
				761CF75F2B24C62100FF9989 /* StaffListVC.swift */,
				761CF7652B25191300FF9989 /* StaffCell.swift */,
				761CF76B2B2556C000FF9989 /* LoadMoreCell.swift */,
			);
			path = StaffList;
			sourceTree = "<group>";
		};
		761CF7722B2563A100FF9989 /* SCMPMobileTestTests */ = {
			isa = PBXGroup;
			children = (
				761CF77A2B25645700FF9989 /* LoginVMTests.swift */,
				761CF77D2B256D0A00FF9989 /* StaffListVMTests.swift */,
			);
			path = SCMPMobileTestTests;
			sourceTree = "<group>";
		};
/* End PBXGroup section */

/* Begin PBXNativeTarget section */
		761CF7242B242E0600FF9989 /* SCMPMobileTest */ = {
			isa = PBXNativeTarget;
			buildConfigurationList = 761CF7392B242E0800FF9989 /* Build configuration list for PBXNativeTarget "SCMPMobileTest" */;
			buildPhases = (
				761CF7212B242E0600FF9989 /* Sources */,
				761CF7222B242E0600FF9989 /* Frameworks */,
				761CF7232B242E0600FF9989 /* Resources */,
			);
			buildRules = (
			);
			dependencies = (
			);
			name = SCMPMobileTest;
			productName = SCMPMobileTest;
			productReference = 761CF7252B242E0600FF9989 /* SCMPMobileTest.app */;
			productType = "com.apple.product-type.application";
		};
		761CF7702B2563A100FF9989 /* SCMPMobileTestTests */ = {
			isa = PBXNativeTarget;
			buildConfigurationList = 761CF7772B2563A100FF9989 /* Build configuration list for PBXNativeTarget "SCMPMobileTestTests" */;
			buildPhases = (
				761CF76D2B2563A100FF9989 /* Sources */,
				761CF76E2B2563A100FF9989 /* Frameworks */,
				761CF76F2B2563A100FF9989 /* Resources */,
			);
			buildRules = (
			);
			dependencies = (
				761CF7762B2563A100FF9989 /* PBXTargetDependency */,
			);
			name = SCMPMobileTestTests;
			productName = SCMPMobileTestTests;
			productReference = 761CF7712B2563A100FF9989 /* SCMPMobileTestTests.xctest */;
			productType = "com.apple.product-type.bundle.unit-test";
		};
/* End PBXNativeTarget section */

/* Begin PBXProject section */
		761CF71D2B242E0500FF9989 /* Project object */ = {
			isa = PBXProject;
			attributes = {
				BuildIndependentTargetsInParallel = 1;
				LastSwiftUpdateCheck = 1430;
				LastUpgradeCheck = 1430;
				TargetAttributes = {
					761CF7242B242E0600FF9989 = {
						CreatedOnToolsVersion = 14.3;
					};
					761CF7702B2563A100FF9989 = {
						CreatedOnToolsVersion = 14.3;
						TestTargetID = 761CF7242B242E0600FF9989;
					};
				};
			};
			buildConfigurationList = 761CF7202B242E0500FF9989 /* Build configuration list for PBXProject "SCMPMobileTest" */;
			compatibilityVersion = "Xcode 14.0";
			developmentRegion = en;
			hasScannedForEncodings = 0;
			knownRegions = (
				en,
				Base,
			);
			mainGroup = 761CF71C2B242E0500FF9989;
			productRefGroup = 761CF7262B242E0600FF9989 /* Products */;
			projectDirPath = "";
			projectRoot = "";
			targets = (
				761CF7242B242E0600FF9989 /* SCMPMobileTest */,
				761CF7702B2563A100FF9989 /* SCMPMobileTestTests */,
			);
		};
/* End PBXProject section */

/* Begin PBXResourcesBuildPhase section */
		761CF7232B242E0600FF9989 /* Resources */ = {
			isa = PBXResourcesBuildPhase;
			buildActionMask = 2147483647;
			files = (
				761CF7352B242E0800FF9989 /* LaunchScreen.storyboard in Resources */,
				761CF7322B242E0800FF9989 /* Assets.xcassets in Resources */,
			);
			runOnlyForDeploymentPostprocessing = 0;
		};
		761CF76F2B2563A100FF9989 /* Resources */ = {
			isa = PBXResourcesBuildPhase;
			buildActionMask = 2147483647;
			files = (
			);
			runOnlyForDeploymentPostprocessing = 0;
		};
/* End PBXResourcesBuildPhase section */

/* Begin PBXSourcesBuildPhase section */
		761CF7212B242E0600FF9989 /* Sources */ = {
			isa = PBXSourcesBuildPhase;
			buildActionMask = 2147483647;
			files = (
				761CF76C2B2556C000FF9989 /* LoadMoreCell.swift in Sources */,
				761CF75E2B24C60900FF9989 /* StaffListView.swift in Sources */,
				761CF7642B24D1A000FF9989 /* StaffListResponse.swift in Sources */,
				761CF7452B24397600FF9989 /* Extensions+UIColor.swift in Sources */,
				761CF7292B242E0600FF9989 /* AppDelegate.swift in Sources */,
				761CF7662B25191300FF9989 /* StaffCell.swift in Sources */,
				761CF7622B24C63300FF9989 /* StaffListVM.swift in Sources */,
				761CF7432B24372300FF9989 /* Extensions+UIView.swift in Sources */,
				761CF73D2B242E4B00FF9989 /* LoginVC.swift in Sources */,
				761CF7602B24C62100FF9989 /* StaffListVC.swift in Sources */,
				761CF7592B24743500FF9989 /* APIInfo.swift in Sources */,
				761CF7412B24347E00FF9989 /* LoginView.swift in Sources */,
				761CF7572B24677A00FF9989 /* LoginVM.swift in Sources */,
				761CF72B2B242E0600FF9989 /* SceneDelegate.swift in Sources */,
				761CF7552B24664900FF9989 /* LoginResponse.swift in Sources */,
				761CF7512B24610900FF9989 /* APIManager.swift in Sources */,
			);
			runOnlyForDeploymentPostprocessing = 0;
		};
		761CF76D2B2563A100FF9989 /* Sources */ = {
			isa = PBXSourcesBuildPhase;
			buildActionMask = 2147483647;
			files = (
				761CF77B2B25645700FF9989 /* LoginVMTests.swift in Sources */,
				761CF77E2B256D0A00FF9989 /* StaffListVMTests.swift in Sources */,
			);
			runOnlyForDeploymentPostprocessing = 0;
		};
/* End PBXSourcesBuildPhase section */

/* Begin PBXTargetDependency section */
		761CF7762B2563A100FF9989 /* PBXTargetDependency */ = {
			isa = PBXTargetDependency;
			target = 761CF7242B242E0600FF9989 /* SCMPMobileTest */;
			targetProxy = 761CF7752B2563A100FF9989 /* PBXContainerItemProxy */;
		};
/* End PBXTargetDependency section */

/* Begin PBXVariantGroup section */
		761CF7332B242E0800FF9989 /* LaunchScreen.storyboard */ = {
			isa = PBXVariantGroup;
			children = (
				761CF7342B242E0800FF9989 /* Base */,
			);
			name = LaunchScreen.storyboard;
			sourceTree = "<group>";
		};
/* End PBXVariantGroup section */

/* Begin XCBuildConfiguration section */
		761CF7372B242E0800FF9989 /* Debug */ = {
			isa = XCBuildConfiguration;
			buildSettings = {
				ALWAYS_SEARCH_USER_PATHS = NO;
				CLANG_ANALYZER_NONNULL = YES;
				CLANG_ANALYZER_NUMBER_OBJECT_CONVERSION = YES_AGGRESSIVE;
				CLANG_CXX_LANGUAGE_STANDARD = "gnu++20";
				CLANG_ENABLE_MODULES = YES;
				CLANG_ENABLE_OBJC_ARC = YES;
				CLANG_ENABLE_OBJC_WEAK = YES;
				CLANG_WARN_BLOCK_CAPTURE_AUTORELEASING = YES;
				CLANG_WARN_BOOL_CONVERSION = YES;
				CLANG_WARN_COMMA = YES;
				CLANG_WARN_CONSTANT_CONVERSION = YES;
				CLANG_WARN_DEPRECATED_OBJC_IMPLEMENTATIONS = YES;
				CLANG_WARN_DIRECT_OBJC_ISA_USAGE = YES_ERROR;
				CLANG_WARN_DOCUMENTATION_COMMENTS = YES;
				CLANG_WARN_EMPTY_BODY = YES;
				CLANG_WARN_ENUM_CONVERSION = YES;
				CLANG_WARN_INFINITE_RECURSION = YES;
				CLANG_WARN_INT_CONVERSION = YES;
				CLANG_WARN_NON_LITERAL_NULL_CONVERSION = YES;
				CLANG_WARN_OBJC_IMPLICIT_RETAIN_SELF = YES;
				CLANG_WARN_OBJC_LITERAL_CONVERSION = YES;
				CLANG_WARN_OBJC_ROOT_CLASS = YES_ERROR;
				CLANG_WARN_QUOTED_INCLUDE_IN_FRAMEWORK_HEADER = YES;
				CLANG_WARN_RANGE_LOOP_ANALYSIS = YES;
				CLANG_WARN_STRICT_PROTOTYPES = YES;
				CLANG_WARN_SUSPICIOUS_MOVE = YES;
				CLANG_WARN_UNGUARDED_AVAILABILITY = YES_AGGRESSIVE;
				CLANG_WARN_UNREACHABLE_CODE = YES;
				CLANG_WARN__DUPLICATE_METHOD_MATCH = YES;
				COPY_PHASE_STRIP = NO;
				DEBUG_INFORMATION_FORMAT = dwarf;
				ENABLE_STRICT_OBJC_MSGSEND = YES;
				ENABLE_TESTABILITY = YES;
				GCC_C_LANGUAGE_STANDARD = gnu11;
				GCC_DYNAMIC_NO_PIC = NO;
				GCC_NO_COMMON_BLOCKS = YES;
				GCC_OPTIMIZATION_LEVEL = 0;
				GCC_PREPROCESSOR_DEFINITIONS = (
					"DEBUG=1",
					"$(inherited)",
				);
				GCC_WARN_64_TO_32_BIT_CONVERSION = YES;
				GCC_WARN_ABOUT_RETURN_TYPE = YES_ERROR;
				GCC_WARN_UNDECLARED_SELECTOR = YES;
				GCC_WARN_UNINITIALIZED_AUTOS = YES_AGGRESSIVE;
				GCC_WARN_UNUSED_FUNCTION = YES;
				GCC_WARN_UNUSED_VARIABLE = YES;
				IPHONEOS_DEPLOYMENT_TARGET = 16.4;
				MTL_ENABLE_DEBUG_INFO = INCLUDE_SOURCE;
				MTL_FAST_MATH = YES;
				ONLY_ACTIVE_ARCH = YES;
				SDKROOT = iphoneos;
				SWIFT_ACTIVE_COMPILATION_CONDITIONS = DEBUG;
				SWIFT_OPTIMIZATION_LEVEL = "-Onone";
			};
			name = Debug;
		};
		761CF7382B242E0800FF9989 /* Release */ = {
			isa = XCBuildConfiguration;
			buildSettings = {
				ALWAYS_SEARCH_USER_PATHS = NO;
				CLANG_ANALYZER_NONNULL = YES;
				CLANG_ANALYZER_NUMBER_OBJECT_CONVERSION = YES_AGGRESSIVE;
				CLANG_CXX_LANGUAGE_STANDARD = "gnu++20";
				CLANG_ENABLE_MODULES = YES;
				CLANG_ENABLE_OBJC_ARC = YES;
				CLANG_ENABLE_OBJC_WEAK = YES;
				CLANG_WARN_BLOCK_CAPTURE_AUTORELEASING = YES;
				CLANG_WARN_BOOL_CONVERSION = YES;
				CLANG_WARN_COMMA = YES;
				CLANG_WARN_CONSTANT_CONVERSION = YES;
				CLANG_WARN_DEPRECATED_OBJC_IMPLEMENTATIONS = YES;
				CLANG_WARN_DIRECT_OBJC_ISA_USAGE = YES_ERROR;
				CLANG_WARN_DOCUMENTATION_COMMENTS = YES;
				CLANG_WARN_EMPTY_BODY = YES;
				CLANG_WARN_ENUM_CONVERSION = YES;
				CLANG_WARN_INFINITE_RECURSION = YES;
				CLANG_WARN_INT_CONVERSION = YES;
				CLANG_WARN_NON_LITERAL_NULL_CONVERSION = YES;
				CLANG_WARN_OBJC_IMPLICIT_RETAIN_SELF = YES;
				CLANG_WARN_OBJC_LITERAL_CONVERSION = YES;
				CLANG_WARN_OBJC_ROOT_CLASS = YES_ERROR;
				CLANG_WARN_QUOTED_INCLUDE_IN_FRAMEWORK_HEADER = YES;
				CLANG_WARN_RANGE_LOOP_ANALYSIS = YES;
				CLANG_WARN_STRICT_PROTOTYPES = YES;
				CLANG_WARN_SUSPICIOUS_MOVE = YES;
				CLANG_WARN_UNGUARDED_AVAILABILITY = YES_AGGRESSIVE;
				CLANG_WARN_UNREACHABLE_CODE = YES;
				CLANG_WARN__DUPLICATE_METHOD_MATCH = YES;
				COPY_PHASE_STRIP = NO;
				DEBUG_INFORMATION_FORMAT = "dwarf-with-dsym";
				ENABLE_NS_ASSERTIONS = NO;
				ENABLE_STRICT_OBJC_MSGSEND = YES;
				GCC_C_LANGUAGE_STANDARD = gnu11;
				GCC_NO_COMMON_BLOCKS = YES;
				GCC_WARN_64_TO_32_BIT_CONVERSION = YES;
				GCC_WARN_ABOUT_RETURN_TYPE = YES_ERROR;
				GCC_WARN_UNDECLARED_SELECTOR = YES;
				GCC_WARN_UNINITIALIZED_AUTOS = YES_AGGRESSIVE;
				GCC_WARN_UNUSED_FUNCTION = YES;
				GCC_WARN_UNUSED_VARIABLE = YES;
				IPHONEOS_DEPLOYMENT_TARGET = 16.4;
				MTL_ENABLE_DEBUG_INFO = NO;
				MTL_FAST_MATH = YES;
				SDKROOT = iphoneos;
				SWIFT_COMPILATION_MODE = wholemodule;
				SWIFT_OPTIMIZATION_LEVEL = "-O";
				VALIDATE_PRODUCT = YES;
			};
			name = Release;
		};
		761CF73A2B242E0800FF9989 /* Debug */ = {
			isa = XCBuildConfiguration;
			buildSettings = {
				ASSETCATALOG_COMPILER_APPICON_NAME = AppIcon;
				ASSETCATALOG_COMPILER_GLOBAL_ACCENT_COLOR_NAME = AccentColor;
				CODE_SIGN_STYLE = Automatic;
				CURRENT_PROJECT_VERSION = 1;
				DEVELOPMENT_TEAM = 2S2B9VPXL7;
				GENERATE_INFOPLIST_FILE = YES;
				INFOPLIST_FILE = SCMPMobileTest/Info.plist;
				INFOPLIST_KEY_UIApplicationSupportsIndirectInputEvents = YES;
				INFOPLIST_KEY_UILaunchStoryboardName = LaunchScreen;
				INFOPLIST_KEY_UISupportedInterfaceOrientations_iPad = "UIInterfaceOrientationPortrait UIInterfaceOrientationPortraitUpsideDown UIInterfaceOrientationLandscapeLeft UIInterfaceOrientationLandscapeRight";
				INFOPLIST_KEY_UISupportedInterfaceOrientations_iPhone = "UIInterfaceOrientationPortrait UIInterfaceOrientationLandscapeLeft UIInterfaceOrientationLandscapeRight";
				LD_RUNPATH_SEARCH_PATHS = (
					"$(inherited)",
					"@executable_path/Frameworks",
				);
				MARKETING_VERSION = 1.0;
				PRODUCT_BUNDLE_IDENTIFIER = com.LiTusngCheng.SCMPMobileTest;
				PRODUCT_NAME = "$(TARGET_NAME)";
				SWIFT_EMIT_LOC_STRINGS = YES;
				SWIFT_VERSION = 5.0;
				TARGETED_DEVICE_FAMILY = "1,2";
			};
			name = Debug;
		};
		761CF73B2B242E0800FF9989 /* Release */ = {
			isa = XCBuildConfiguration;
			buildSettings = {
				ASSETCATALOG_COMPILER_APPICON_NAME = AppIcon;
				ASSETCATALOG_COMPILER_GLOBAL_ACCENT_COLOR_NAME = AccentColor;
				CODE_SIGN_STYLE = Automatic;
				CURRENT_PROJECT_VERSION = 1;
				DEVELOPMENT_TEAM = 2S2B9VPXL7;
				GENERATE_INFOPLIST_FILE = YES;
				INFOPLIST_FILE = SCMPMobileTest/Info.plist;
				INFOPLIST_KEY_UIApplicationSupportsIndirectInputEvents = YES;
				INFOPLIST_KEY_UILaunchStoryboardName = LaunchScreen;
				INFOPLIST_KEY_UISupportedInterfaceOrientations_iPad = "UIInterfaceOrientationPortrait UIInterfaceOrientationPortraitUpsideDown UIInterfaceOrientationLandscapeLeft UIInterfaceOrientationLandscapeRight";
				INFOPLIST_KEY_UISupportedInterfaceOrientations_iPhone = "UIInterfaceOrientationPortrait UIInterfaceOrientationLandscapeLeft UIInterfaceOrientationLandscapeRight";
				LD_RUNPATH_SEARCH_PATHS = (
					"$(inherited)",
					"@executable_path/Frameworks",
				);
				MARKETING_VERSION = 1.0;
				PRODUCT_BUNDLE_IDENTIFIER = com.LiTusngCheng.SCMPMobileTest;
				PRODUCT_NAME = "$(TARGET_NAME)";
				SWIFT_EMIT_LOC_STRINGS = YES;
				SWIFT_VERSION = 5.0;
				TARGETED_DEVICE_FAMILY = "1,2";
			};
			name = Release;
		};
		761CF7782B2563A100FF9989 /* Debug */ = {
			isa = XCBuildConfiguration;
			buildSettings = {
				BUNDLE_LOADER = "$(TEST_HOST)";
				CODE_SIGN_STYLE = Automatic;
				CURRENT_PROJECT_VERSION = 1;
				DEVELOPMENT_TEAM = 2S2B9VPXL7;
				GENERATE_INFOPLIST_FILE = YES;
				MARKETING_VERSION = 1.0;
				PRODUCT_BUNDLE_IDENTIFIER = com.LiTusngCheng.SCMPMobileTestTests;
				PRODUCT_NAME = "$(TARGET_NAME)";
				SWIFT_EMIT_LOC_STRINGS = NO;
				SWIFT_VERSION = 5.0;
				TARGETED_DEVICE_FAMILY = "1,2";
				TEST_HOST = "$(BUILT_PRODUCTS_DIR)/SCMPMobileTest.app/$(BUNDLE_EXECUTABLE_FOLDER_PATH)/SCMPMobileTest";
			};
			name = Debug;
		};
		761CF7792B2563A100FF9989 /* Release */ = {
			isa = XCBuildConfiguration;
			buildSettings = {
				BUNDLE_LOADER = "$(TEST_HOST)";
				CODE_SIGN_STYLE = Automatic;
				CURRENT_PROJECT_VERSION = 1;
				DEVELOPMENT_TEAM = 2S2B9VPXL7;
				GENERATE_INFOPLIST_FILE = YES;
				MARKETING_VERSION = 1.0;
				PRODUCT_BUNDLE_IDENTIFIER = com.LiTusngCheng.SCMPMobileTestTests;
				PRODUCT_NAME = "$(TARGET_NAME)";
				SWIFT_EMIT_LOC_STRINGS = NO;
				SWIFT_VERSION = 5.0;
				TARGETED_DEVICE_FAMILY = "1,2";
				TEST_HOST = "$(BUILT_PRODUCTS_DIR)/SCMPMobileTest.app/$(BUNDLE_EXECUTABLE_FOLDER_PATH)/SCMPMobileTest";
			};
			name = Release;
		};
/* End XCBuildConfiguration section */

/* Begin XCConfigurationList section */
		761CF7202B242E0500FF9989 /* Build configuration list for PBXProject "SCMPMobileTest" */ = {
			isa = XCConfigurationList;
			buildConfigurations = (
				761CF7372B242E0800FF9989 /* Debug */,
				761CF7382B242E0800FF9989 /* Release */,
			);
			defaultConfigurationIsVisible = 0;
			defaultConfigurationName = Release;
		};
		761CF7392B242E0800FF9989 /* Build configuration list for PBXNativeTarget "SCMPMobileTest" */ = {
			isa = XCConfigurationList;
			buildConfigurations = (
				761CF73A2B242E0800FF9989 /* Debug */,
				761CF73B2B242E0800FF9989 /* Release */,
			);
			defaultConfigurationIsVisible = 0;
			defaultConfigurationName = Release;
		};
		761CF7772B2563A100FF9989 /* Build configuration list for PBXNativeTarget "SCMPMobileTestTests" */ = {
			isa = XCConfigurationList;
			buildConfigurations = (
				761CF7782B2563A100FF9989 /* Debug */,
				761CF7792B2563A100FF9989 /* Release */,
			);
			defaultConfigurationIsVisible = 0;
			defaultConfigurationName = Release;
		};
/* End XCConfigurationList section */
	};
	rootObject = 761CF71D2B242E0500FF9989 /* Project object */;
}
